PODS:
  - FBSnapshotTestCase (2.1.4):
    - FBSnapshotTestCase/SwiftSupport (= 2.1.4)
  - FBSnapshotTestCase/Core (2.1.4)
  - FBSnapshotTestCase/SwiftSupport (2.1.4):
    - FBSnapshotTestCase/Core
  - HZPPTViewOC (0.1.0)

DEPENDENCIES:
  - FBSnapshotTestCase
  - HZPPTViewOC (from `../`)

EXTERNAL SOURCES:
  HZPPTViewOC:
    :path: "../"

SPEC CHECKSUMS:
  FBSnapshotTestCase: '094f9f314decbabe373b87cc339bea235a63e07a'
  HZPPTViewOC: 92b370e0d445bca52bb911e4736943179a5c2657

PODFILE CHECKSUM: e5c588233a7f19486d1bb5ca669924d5469dfd88

COCOAPODS: 1.2.1
