PODS:
  - FBSnapshotTestCase (2.1.4):
    - FBSnapshotTestCase/SwiftSupport (= 2.1.4)
  - FBSnapshotTestCase/Core (2.1.4)
  - FBSnapshotTestCase/SwiftSupport (2.1.4):
    - FBSnapshotTestCase/Core
  - HZPPTViewOC (0.1.0)

DEPENDENCIES:
  - FBSnapshotTestCase
  - HZPPTViewOC (from `../`)

EXTERNAL SOURCES:
  HZPPTViewOC:
    :path: "../"

SPEC CHECKSUMS:
  FBSnapshotTestCase: '094f9f314decbabe373b87cc339bea235a63e07a'
  HZPPTViewOC: 213945b17da0d454ec1291265a280e853a084ebb

PODFILE CHECKSUM: e5c588233a7f19486d1bb5ca669924d5469dfd88

COCOAPODS: 1.2.1
